
Microsoft Visual Studio Solution File, Format Version 12.00
# Visual Studio 15
VisualStudioVersion = 15.0.28307.421
MinimumVisualStudioVersion = 10.0.40219.1
Project("{FAE04EC0-301F-11D3-BF4B-00C04F79EFBC}") = "mb_Loudness-Analyzer", "mb_Loudness-Analyzer.csproj", "{EA4E342C-C766-4C68-A28B-7ADBE7C3667D}"
EndProject
Global
	GlobalSection(SolutionConfigurationPlatforms) = preSolution
		Debug|Any CPU = Debug|Any CPU
		Release|Any CPU = Release|Any CPU
	EndGlobalSection
	GlobalSection(ProjectConfigurationPlatforms) = postSolution
		{EA4E342C-C766-4C68-A28B-7ADBE7C3667D}.Debug|Any CPU.ActiveCfg = Debug|Any CPU
		{EA4E342C-C766-4C68-A28B-7ADBE7C3667D}.Debug|Any CPU.Build.0 = Debug|Any CPU
		{EA4E342C-C766-4C68-A28B-7ADBE7C3667D}.Release|Any CPU.ActiveCfg = Release|Any CPU
		{EA4E342C-C766-4C68-A28B-7ADBE7C3667D}.Release|Any CPU.Build.0 = Release|Any CPU
	EndGlobalSection
	GlobalSection(SolutionProperties) = preSolution
		HideSolutionNode = FALSE
	EndGlobalSection
	GlobalSection(ExtensibilityGlobals) = postSolution
		SolutionGuid = {2222581B-11F2-4C19-AC21-6498C86C5764}
	EndGlobalSection
EndGlobal
